// !$*UTF8*$!
{
	archiveVersion = 1;
	classes = {
	};
	objectVersion = 77;
	objects = {

/* Begin PBXBuildFile section */
		5A9FC7972E79A92500E52B50 /* KeychainAccess in Frameworks */ = {isa = PBXBuildFile; productRef = 5A9FC7962E79A92500E52B50 /* KeychainAccess */; };
		5AF33A1F2E74A0E6009F1462 /* FirebaseCore in Frameworks */ = {isa = PBXBuildFile; productRef = 5AF33A1E2E74A0E6009F1462 /* FirebaseCore */; };
		5AF33A212E74A22E009F1462 /* FirebaseFirestore in Frameworks */ = {isa = PBXBuildFile; productRef = 5AF33A202E74A22E009F1462 /* FirebaseFirestore */; };
/* End PBXBuildFile section */

/* Begin PBXContainerItemProxy section */
		5A84E3D52E71FE59002ADBAF /* PBXContainerItemProxy */ = {
			isa = PBXContainerItemProxy;
			containerPortal = 5A84E3BF2E71FE58002ADBAF /* Project object */;
			proxyType = 1;
			remoteGlobalIDString = 5A84E3C62E71FE58002ADBAF;
			remoteInfo = "Demo project";
		};
		5A84E3DF2E71FE59002ADBAF /* PBXContainerItemProxy */ = {
			isa = PBXContainerItemProxy;
			containerPortal = 5A84E3BF2E71FE58002ADBAF /* Project object */;
			proxyType = 1;
			remoteGlobalIDString = 5A84E3C62E71FE58002ADBAF;
			remoteInfo = "Demo project";
		};
/* End PBXContainerItemProxy section */

/* Begin PBXFileReference section */
		5A84E3C72E71FE58002ADBAF /* Attendace App.app */ = {isa = PBXFileReference; explicitFileType = wrapper.application; includeInIndex = 0; path = "Attendace App.app"; sourceTree = BUILT_PRODUCTS_DIR; };
		5A84E3D42E71FE59002ADBAF /* Attendace AppTests.xctest */ = {isa = PBXFileReference; explicitFileType = wrapper.cfbundle; includeInIndex = 0; path = "Attendace AppTests.xctest"; sourceTree = BUILT_PRODUCTS_DIR; };
		5A84E3DE2E71FE59002ADBAF /* Attendace AppUITests.xctest */ = {isa = PBXFileReference; explicitFileType = wrapper.cfbundle; includeInIndex = 0; path = "Attendace AppUITests.xctest"; sourceTree = BUILT_PRODUCTS_DIR; };
		5A9FC7942E79A84700E52B50 /* Attendace-App-Info.plist */ = {isa = PBXFileReference; lastKnownFileType = text.plist; path = "Attendace-App-Info.plist"; sourceTree = "<group>"; };
/* End PBXFileReference section */

/* Begin PBXFileSystemSynchronizedBuildFileExceptionSet section */
		5A84E40C2E7491D5002ADBAF /* Exceptions for "Attendance App" folder in "Attendace App" target */ = {
			isa = PBXFileSystemSynchronizedBuildFileExceptionSet;
			membershipExceptions = (
				initializeQRScanner.swift,
			);
			target = 5A84E3C62E71FE58002ADBAF /* Attendace App */;
		};
		5A84E40D2E7491D5002ADBAF /* Exceptions for "Attendance App" folder in "Attendace AppUITests" target */ = {
			isa = PBXFileSystemSynchronizedBuildFileExceptionSet;
			membershipExceptions = (
				initializeQRScanner.swift,
			);
			target = 5A84E3DD2E71FE59002ADBAF /* Attendace AppUITests */;
		};
/* End PBXFileSystemSynchronizedBuildFileExceptionSet section */

/* Begin PBXFileSystemSynchronizedRootGroup section */
		5A84E3C92E71FE58002ADBAF /* Attendance App */ = {
			isa = PBXFileSystemSynchronizedRootGroup;
			exceptions = (
				5A84E40C2E7491D5002ADBAF /* Exceptions for "Attendance App" folder in "Attendace App" target */,
				5A84E40D2E7491D5002ADBAF /* Exceptions for "Attendance App" folder in "Attendace AppUITests" target */,
			);
			path = "Attendance App";
			sourceTree = "<group>";
		};
		5A84E3D72E71FE59002ADBAF /* Demo projectTests */ = {
			isa = PBXFileSystemSynchronizedRootGroup;
			path = "Demo projectTests";
			sourceTree = "<group>";
		};
		5A84E3E12E71FE59002ADBAF /* Demo projectUITests */ = {
			isa = PBXFileSystemSynchronizedRootGroup;
			path = "Demo projectUITests";
			sourceTree = "<group>";
		};
/* End PBXFileSystemSynchronizedRootGroup section */

/* Begin PBXFrameworksBuildPhase section */
		5A84E3C42E71FE58002ADBAF /* Frameworks */ = {
			isa = PBXFrameworksBuildPhase;
			buildActionMask = 2147483647;
			files = (
				5AF33A1F2E74A0E6009F1462 /* FirebaseCore in Frameworks */,
				5AF33A212E74A22E009F1462 /* FirebaseFirestore in Frameworks */,
				5A9FC7972E79A92500E52B50 /* KeychainAccess in Frameworks */,
			);
			runOnlyForDeploymentPostprocessing = 0;
		};
		5A84E3D12E71FE59002ADBAF /* Frameworks */ = {
			isa = PBXFrameworksBuildPhase;
			buildActionMask = 2147483647;
			files = (
			);
			runOnlyForDeploymentPostprocessing = 0;
		};
		5A84E3DB2E71FE59002ADBAF /* Frameworks */ = {
			isa = PBXFrameworksBuildPhase;
			buildActionMask = 2147483647;
			files = (
			);
			runOnlyForDeploymentPostprocessing = 0;
		};
/* End PBXFrameworksBuildPhase section */

/* Begin PBXGroup section */
		5A84E3BE2E71FE58002ADBAF = {
			isa = PBXGroup;
			children = (
				5A9FC7942E79A84700E52B50 /* Attendace-App-Info.plist */,
				5A84E3C92E71FE58002ADBAF /* Attendance App */,
				5A84E3D72E71FE59002ADBAF /* Demo projectTests */,
				5A84E3E12E71FE59002ADBAF /* Demo projectUITests */,
				5AF33A1D2E74A0E6009F1462 /* Frameworks */,
				5A84E3C82E71FE58002ADBAF /* Products */,
			);
			sourceTree = "<group>";
		};
		5A84E3C82E71FE58002ADBAF /* Products */ = {
			isa = PBXGroup;
			children = (
				5A84E3C72E71FE58002ADBAF /* Attendace App.app */,
				5A84E3D42E71FE59002ADBAF /* Attendace AppTests.xctest */,
				5A84E3DE2E71FE59002ADBAF /* Attendace AppUITests.xctest */,
			);
			name = Products;
			sourceTree = "<group>";
		};
		5AF33A1D2E74A0E6009F1462 /* Frameworks */ = {
			isa = PBXGroup;
			children = (
			);
			name = Frameworks;
			sourceTree = "<group>";
		};
/* End PBXGroup section */

/* Begin PBXNativeTarget section */
		5A84E3C62E71FE58002ADBAF /* Attendace App */ = {
			isa = PBXNativeTarget;
			buildConfigurationList = 5A84E3E82E71FE59002ADBAF /* Build configuration list for PBXNativeTarget "Attendace App" */;
			buildPhases = (
				5A84E3C32E71FE58002ADBAF /* Sources */,
				5A84E3C42E71FE58002ADBAF /* Frameworks */,
				5A84E3C52E71FE58002ADBAF /* Resources */,
			);
			buildRules = (
			);
			dependencies = (
			);
			fileSystemSynchronizedGroups = (
				5A84E3C92E71FE58002ADBAF /* Attendance App */,
			);
			name = "Attendace App";
			packageProductDependencies = (
				5AF33A1E2E74A0E6009F1462 /* FirebaseCore */,
				5AF33A202E74A22E009F1462 /* FirebaseFirestore */,
				5A9FC7962E79A92500E52B50 /* KeychainAccess */,
			);
			productName = "Demo project";
			productReference = 5A84E3C72E71FE58002ADBAF /* Attendace App.app */;
			productType = "com.apple.product-type.application";
		};
		5A84E3D32E71FE59002ADBAF /* Attendace AppTests */ = {
			isa = PBXNativeTarget;
			buildConfigurationList = 5A84E3EB2E71FE59002ADBAF /* Build configuration list for PBXNativeTarget "Attendace AppTests" */;
			buildPhases = (
				5A84E3D02E71FE59002ADBAF /* Sources */,
				5A84E3D12E71FE59002ADBAF /* Frameworks */,
				5A84E3D22E71FE59002ADBAF /* Resources */,
			);
			buildRules = (
			);
			dependencies = (
				5A84E3D62E71FE59002ADBAF /* PBXTargetDependency */,
			);
			fileSystemSynchronizedGroups = (
				5A84E3D72E71FE59002ADBAF /* Demo projectTests */,
			);
			name = "Attendace AppTests";
			packageProductDependencies = (
			);
			productName = "Demo projectTests";
			productReference = 5A84E3D42E71FE59002ADBAF /* Attendace AppTests.xctest */;
			productType = "com.apple.product-type.bundle.unit-test";
		};
		5A84E3DD2E71FE59002ADBAF /* Attendace AppUITests */ = {
			isa = PBXNativeTarget;
			buildConfigurationList = 5A84E3EE2E71FE59002ADBAF /* Build configuration list for PBXNativeTarget "Attendace AppUITests" */;
			buildPhases = (
				5A84E3DA2E71FE59002ADBAF /* Sources */,
				5A84E3DB2E71FE59002ADBAF /* Frameworks */,
				5A84E3DC2E71FE59002ADBAF /* Resources */,
			);
			buildRules = (
			);
			dependencies = (
				5A84E3E02E71FE59002ADBAF /* PBXTargetDependency */,
			);
			fileSystemSynchronizedGroups = (
				5A84E3E12E71FE59002ADBAF /* Demo projectUITests */,
			);
			name = "Attendace AppUITests";
			packageProductDependencies = (
			);
			productName = "Demo projectUITests";
			productReference = 5A84E3DE2E71FE59002ADBAF /* Attendace AppUITests.xctest */;
			productType = "com.apple.product-type.bundle.ui-testing";
		};
/* End PBXNativeTarget section */

/* Begin PBXProject section */
		5A84E3BF2E71FE58002ADBAF /* Project object */ = {
			isa = PBXProject;
			attributes = {
				BuildIndependentTargetsInParallel = 1;
				LastSwiftUpdateCheck = 1640;
				LastUpgradeCheck = 1640;
				TargetAttributes = {
					5A84E3C62E71FE58002ADBAF = {
						CreatedOnToolsVersion = 16.4;
					};
					5A84E3D32E71FE59002ADBAF = {
						CreatedOnToolsVersion = 16.4;
						TestTargetID = 5A84E3C62E71FE58002ADBAF;
					};
					5A84E3DD2E71FE59002ADBAF = {
						CreatedOnToolsVersion = 16.4;
						TestTargetID = 5A84E3C62E71FE58002ADBAF;
					};
				};
			};
			buildConfigurationList = 5A84E3C22E71FE58002ADBAF /* Build configuration list for PBXProject "Attendace App" */;
			developmentRegion = en;
			hasScannedForEncodings = 0;
			knownRegions = (
				en,
				Base,
			);
			mainGroup = 5A84E3BE2E71FE58002ADBAF;
			minimizedProjectReferenceProxies = 1;
			packageReferences = (
				5A84E40E2E749C39002ADBAF /* XCRemoteSwiftPackageReference "firebase-ios-sdk" */,
				5A9FC7952E79A92500E52B50 /* XCRemoteSwiftPackageReference "KeychainAccess" */,
			);
			preferredProjectObjectVersion = 77;
			productRefGroup = 5A84E3C82E71FE58002ADBAF /* Products */;
			projectDirPath = "";
			projectRoot = "";
			targets = (
				5A84E3C62E71FE58002ADBAF /* Attendace App */,
				5A84E3D32E71FE59002ADBAF /* Attendace AppTests */,
				5A84E3DD2E71FE59002ADBAF /* Attendace AppUITests */,
			);
		};
/* End PBXProject section */

/* Begin PBXResourcesBuildPhase section */
		5A84E3C52E71FE58002ADBAF /* Resources */ = {
			isa = PBXResourcesBuildPhase;
			buildActionMask = 2147483647;
			files = (
			);
			runOnlyForDeploymentPostprocessing = 0;
		};
		5A84E3D22E71FE59002ADBAF /* Resources */ = {
			isa = PBXResourcesBuildPhase;
			buildActionMask = 2147483647;
			files = (
			);
			runOnlyForDeploymentPostprocessing = 0;
		};
		5A84E3DC2E71FE59002ADBAF /* Resources */ = {
			isa = PBXResourcesBuildPhase;
			buildActionMask = 2147483647;
			files = (
			);
			runOnlyForDeploymentPostprocessing = 0;
		};
/* End PBXResourcesBuildPhase section */

/* Begin PBXSourcesBuildPhase section */
		5A84E3C32E71FE58002ADBAF /* Sources */ = {
			isa = PBXSourcesBuildPhase;
			buildActionMask = 2147483647;
			files = (
			);
			runOnlyForDeploymentPostprocessing = 0;
		};
		5A84E3D02E71FE59002ADBAF /* Sources */ = {
			isa = PBXSourcesBuildPhase;
			buildActionMask = 2147483647;
			files = (
			);
			runOnlyForDeploymentPostprocessing = 0;
		};
		5A84E3DA2E71FE59002ADBAF /* Sources */ = {
			isa = PBXSourcesBuildPhase;
			buildActionMask = 2147483647;
			files = (
			);
			runOnlyForDeploymentPostprocessing = 0;
		};
/* End PBXSourcesBuildPhase section */

/* Begin PBXTargetDependency section */
		5A84E3D62E71FE59002ADBAF /* PBXTargetDependency */ = {
			isa = PBXTargetDependency;
			target = 5A84E3C62E71FE58002ADBAF /* Attendace App */;
			targetProxy = 5A84E3D52E71FE59002ADBAF /* PBXContainerItemProxy */;
		};
		5A84E3E02E71FE59002ADBAF /* PBXTargetDependency */ = {
			isa = PBXTargetDependency;
			target = 5A84E3C62E71FE58002ADBAF /* Attendace App */;
			targetProxy = 5A84E3DF2E71FE59002ADBAF /* PBXContainerItemProxy */;
		};
/* End PBXTargetDependency section */

/* Begin XCBuildConfiguration section */
		5A84E3E62E71FE59002ADBAF /* Debug */ = {
			isa = XCBuildConfiguration;
			buildSettings = {
				ALWAYS_SEARCH_USER_PATHS = NO;
				ASSETCATALOG_COMPILER_GENERATE_SWIFT_ASSET_SYMBOL_EXTENSIONS = YES;
				CLANG_ANALYZER_NONNULL = YES;
				CLANG_ANALYZER_NUMBER_OBJECT_CONVERSION = YES_AGGRESSIVE;
				CLANG_CXX_LANGUAGE_STANDARD = "gnu++20";
				CLANG_ENABLE_MODULES = YES;
				CLANG_ENABLE_OBJC_ARC = YES;
				CLANG_ENABLE_OBJC_WEAK = YES;
				CLANG_WARN_BLOCK_CAPTURE_AUTORELEASING = YES;
				CLANG_WARN_BOOL_CONVERSION = YES;
				CLANG_WARN_COMMA = YES;
				CLANG_WARN_CONSTANT_CONVERSION = YES;
				CLANG_WARN_DEPRECATED_OBJC_IMPLEMENTATIONS = YES;
				CLANG_WARN_DIRECT_OBJC_ISA_USAGE = YES_ERROR;
				CLANG_WARN_DOCUMENTATION_COMMENTS = YES;
				CLANG_WARN_EMPTY_BODY = YES;
				CLANG_WARN_ENUM_CONVERSION = YES;
				CLANG_WARN_INFINITE_RECURSION = YES;
				CLANG_WARN_INT_CONVERSION = YES;
				CLANG_WARN_NON_LITERAL_NULL_CONVERSION = YES;
				CLANG_WARN_OBJC_IMPLICIT_RETAIN_SELF = YES;
				CLANG_WARN_OBJC_LITERAL_CONVERSION = YES;
				CLANG_WARN_OBJC_ROOT_CLASS = YES_ERROR;
				CLANG_WARN_QUOTED_INCLUDE_IN_FRAMEWORK_HEADER = YES;
				CLANG_WARN_RANGE_LOOP_ANALYSIS = YES;
				CLANG_WARN_STRICT_PROTOTYPES = YES;
				CLANG_WARN_SUSPICIOUS_MOVE = YES;
				CLANG_WARN_UNGUARDED_AVAILABILITY = YES_AGGRESSIVE;
				CLANG_WARN_UNREACHABLE_CODE = YES;
				CLANG_WARN__DUPLICATE_METHOD_MATCH = YES;
				COPY_PHASE_STRIP = NO;
				DEBUG_INFORMATION_FORMAT = dwarf;
				DEVELOPMENT_TEAM = 6QK4RQBDC7;
				ENABLE_STRICT_OBJC_MSGSEND = YES;
				ENABLE_TESTABILITY = YES;
				ENABLE_USER_SCRIPT_SANDBOXING = YES;
				GCC_C_LANGUAGE_STANDARD = gnu17;
				GCC_DYNAMIC_NO_PIC = NO;
				GCC_NO_COMMON_BLOCKS = YES;
				GCC_OPTIMIZATION_LEVEL = 0;
				GCC_PREPROCESSOR_DEFINITIONS = (
					"DEBUG=1",
					"$(inherited)",
				);
				GCC_WARN_64_TO_32_BIT_CONVERSION = YES;
				GCC_WARN_ABOUT_RETURN_TYPE = YES_ERROR;
				GCC_WARN_UNDECLARED_SELECTOR = YES;
				GCC_WARN_UNINITIALIZED_AUTOS = YES_AGGRESSIVE;
				GCC_WARN_UNUSED_FUNCTION = YES;
				GCC_WARN_UNUSED_VARIABLE = YES;
				IPHONEOS_DEPLOYMENT_TARGET = 18.5;
				LOCALIZATION_PREFERS_STRING_CATALOGS = YES;
				MTL_ENABLE_DEBUG_INFO = INCLUDE_SOURCE;
				MTL_FAST_MATH = YES;
				ONLY_ACTIVE_ARCH = YES;
				SDKROOT = iphoneos;
				SWIFT_ACTIVE_COMPILATION_CONDITIONS = "DEBUG $(inherited)";
				SWIFT_OPTIMIZATION_LEVEL = "-Onone";
			};
			name = Debug;
		};
		5A84E3E72E71FE59002ADBAF /* Release */ = {
			isa = XCBuildConfiguration;
			buildSettings = {
				ALWAYS_SEARCH_USER_PATHS = NO;
				ASSETCATALOG_COMPILER_GENERATE_SWIFT_ASSET_SYMBOL_EXTENSIONS = YES;
				CLANG_ANALYZER_NONNULL = YES;
				CLANG_ANALYZER_NUMBER_OBJECT_CONVERSION = YES_AGGRESSIVE;
				CLANG_CXX_LANGUAGE_STANDARD = "gnu++20";
				CLANG_ENABLE_MODULES = YES;
				CLANG_ENABLE_OBJC_ARC = YES;
				CLANG_ENABLE_OBJC_WEAK = YES;
				CLANG_WARN_BLOCK_CAPTURE_AUTORELEASING = YES;
				CLANG_WARN_BOOL_CONVERSION = YES;
				CLANG_WARN_COMMA = YES;
				CLANG_WARN_CONSTANT_CONVERSION = YES;
				CLANG_WARN_DEPRECATED_OBJC_IMPLEMENTATIONS = YES;
				CLANG_WARN_DIRECT_OBJC_ISA_USAGE = YES_ERROR;
				CLANG_WARN_DOCUMENTATION_COMMENTS = YES;
				CLANG_WARN_EMPTY_BODY = YES;
				CLANG_WARN_ENUM_CONVERSION = YES;
				CLANG_WARN_INFINITE_RECURSION = YES;
				CLANG_WARN_INT_CONVERSION = YES;
				CLANG_WARN_NON_LITERAL_NULL_CONVERSION = YES;
				CLANG_WARN_OBJC_IMPLICIT_RETAIN_SELF = YES;
				CLANG_WARN_OBJC_LITERAL_CONVERSION = YES;
				CLANG_WARN_OBJC_ROOT_CLASS = YES_ERROR;
				CLANG_WARN_QUOTED_INCLUDE_IN_FRAMEWORK_HEADER = YES;
				CLANG_WARN_RANGE_LOOP_ANALYSIS = YES;
				CLANG_WARN_STRICT_PROTOTYPES = YES;
				CLANG_WARN_SUSPICIOUS_MOVE = YES;
				CLANG_WARN_UNGUARDED_AVAILABILITY = YES_AGGRESSIVE;
				CLANG_WARN_UNREACHABLE_CODE = YES;
				CLANG_WARN__DUPLICATE_METHOD_MATCH = YES;
				COPY_PHASE_STRIP = NO;
				DEBUG_INFORMATION_FORMAT = "dwarf-with-dsym";
				DEVELOPMENT_TEAM = 6QK4RQBDC7;
				ENABLE_NS_ASSERTIONS = NO;
				ENABLE_STRICT_OBJC_MSGSEND = YES;
				ENABLE_USER_SCRIPT_SANDBOXING = YES;
				GCC_C_LANGUAGE_STANDARD = gnu17;
				GCC_NO_COMMON_BLOCKS = YES;
				GCC_WARN_64_TO_32_BIT_CONVERSION = YES;
				GCC_WARN_ABOUT_RETURN_TYPE = YES_ERROR;
				GCC_WARN_UNDECLARED_SELECTOR = YES;
				GCC_WARN_UNINITIALIZED_AUTOS = YES_AGGRESSIVE;
				GCC_WARN_UNUSED_FUNCTION = YES;
				GCC_WARN_UNUSED_VARIABLE = YES;
				IPHONEOS_DEPLOYMENT_TARGET = 18.5;
				LOCALIZATION_PREFERS_STRING_CATALOGS = YES;
				MTL_ENABLE_DEBUG_INFO = NO;
				MTL_FAST_MATH = YES;
				SDKROOT = iphoneos;
				SWIFT_COMPILATION_MODE = wholemodule;
				VALIDATE_PRODUCT = YES;
			};
			name = Release;
		};
		5A84E3E92E71FE59002ADBAF /* Debug */ = {
			isa = XCBuildConfiguration;
			buildSettings = {
				ASSETCATALOG_COMPILER_APPICON_NAME = AppIcon;
				ASSETCATALOG_COMPILER_GLOBAL_ACCENT_COLOR_NAME = AccentColor;
				CODE_SIGN_STYLE = Automatic;
				CURRENT_PROJECT_VERSION = 1;
				DEVELOPMENT_TEAM = 6QK4RQBDC7;
				ENABLE_PREVIEWS = YES;
				GENERATE_INFOPLIST_FILE = YES;
				INFOPLIST_FILE = "Attendace-App-Info.plist";
				INFOPLIST_KEY_NSCameraUsageDescription = "Need camera to scan QR code";
				INFOPLIST_KEY_UIApplicationSceneManifest_Generation = YES;
				INFOPLIST_KEY_UIApplicationSupportsIndirectInputEvents = YES;
				INFOPLIST_KEY_UILaunchScreen_Generation = YES;
				INFOPLIST_KEY_UISupportedInterfaceOrientations_iPad = "UIInterfaceOrientationPortrait UIInterfaceOrientationPortraitUpsideDown UIInterfaceOrientationLandscapeLeft UIInterfaceOrientationLandscapeRight";
				INFOPLIST_KEY_UISupportedInterfaceOrientations_iPhone = "UIInterfaceOrientationPortrait UIInterfaceOrientationLandscapeLeft UIInterfaceOrientationLandscapeRight";
				IPHONEOS_DEPLOYMENT_TARGET = 17.6;
				LD_RUNPATH_SEARCH_PATHS = (
					"$(inherited)",
					"@executable_path/Frameworks",
				);
				MARKETING_VERSION = 1.0;
				PRODUCT_BUNDLE_IDENTIFIER = divy.Attendance.app;
				PRODUCT_NAME = "$(TARGET_NAME)";
				SWIFT_EMIT_LOC_STRINGS = YES;
				SWIFT_VERSION = 5.0;
				TARGETED_DEVICE_FAMILY = "1,2";
			};
			name = Debug;
		};
		5A84E3EA2E71FE59002ADBAF /* Release */ = {
			isa = XCBuildConfiguration;
			buildSettings = {
				ASSETCATALOG_COMPILER_APPICON_NAME = AppIcon;
				ASSETCATALOG_COMPILER_GLOBAL_ACCENT_COLOR_NAME = AccentColor;
				CODE_SIGN_STYLE = Automatic;
				CURRENT_PROJECT_VERSION = 1;
				DEVELOPMENT_TEAM = 6QK4RQBDC7;
				ENABLE_PREVIEWS = YES;
				GENERATE_INFOPLIST_FILE = YES;
				INFOPLIST_FILE = "Attendace-App-Info.plist";
				INFOPLIST_KEY_NSCameraUsageDescription = "Need camera to scan QR code";
				INFOPLIST_KEY_UIApplicationSceneManifest_Generation = YES;
				INFOPLIST_KEY_UIApplicationSupportsIndirectInputEvents = YES;
				INFOPLIST_KEY_UILaunchScreen_Generation = YES;
				INFOPLIST_KEY_UISupportedInterfaceOrientations_iPad = "UIInterfaceOrientationPortrait UIInterfaceOrientationPortraitUpsideDown UIInterfaceOrientationLandscapeLeft UIInterfaceOrientationLandscapeRight";
				INFOPLIST_KEY_UISupportedInterfaceOrientations_iPhone = "UIInterfaceOrientationPortrait UIInterfaceOrientationLandscapeLeft UIInterfaceOrientationLandscapeRight";
				IPHONEOS_DEPLOYMENT_TARGET = 17.6;
				LD_RUNPATH_SEARCH_PATHS = (
					"$(inherited)",
					"@executable_path/Frameworks",
				);
				MARKETING_VERSION = 1.0;
				PRODUCT_BUNDLE_IDENTIFIER = divy.Attendance.app;
				PRODUCT_NAME = "$(TARGET_NAME)";
				SWIFT_EMIT_LOC_STRINGS = YES;
				SWIFT_VERSION = 5.0;
				TARGETED_DEVICE_FAMILY = "1,2";
			};
			name = Release;
		};
		5A84E3EC2E71FE59002ADBAF /* Debug */ = {
			isa = XCBuildConfiguration;
			buildSettings = {
				BUNDLE_LOADER = "$(TEST_HOST)";
				CODE_SIGN_STYLE = Automatic;
				CURRENT_PROJECT_VERSION = 1;
				DEVELOPMENT_TEAM = 6QK4RQBDC7;
				GENERATE_INFOPLIST_FILE = YES;
				IPHONEOS_DEPLOYMENT_TARGET = 18.5;
				MARKETING_VERSION = 1.0;
				PRODUCT_BUNDLE_IDENTIFIER = "divy.Demo-projectTests";
				PRODUCT_NAME = "$(TARGET_NAME)";
				SWIFT_EMIT_LOC_STRINGS = NO;
				SWIFT_VERSION = 5.0;
				TARGETED_DEVICE_FAMILY = "1,2";
				TEST_HOST = "$(BUILT_PRODUCTS_DIR)/Attendace App.app/$(BUNDLE_EXECUTABLE_FOLDER_PATH)/Attendace App";
			};
			name = Debug;
		};
		5A84E3ED2E71FE59002ADBAF /* Release */ = {
			isa = XCBuildConfiguration;
			buildSettings = {
				BUNDLE_LOADER = "$(TEST_HOST)";
				CODE_SIGN_STYLE = Automatic;
				CURRENT_PROJECT_VERSION = 1;
				DEVELOPMENT_TEAM = 6QK4RQBDC7;
				GENERATE_INFOPLIST_FILE = YES;
				IPHONEOS_DEPLOYMENT_TARGET = 18.5;
				MARKETING_VERSION = 1.0;
				PRODUCT_BUNDLE_IDENTIFIER = "divy.Demo-projectTests";
				PRODUCT_NAME = "$(TARGET_NAME)";
				SWIFT_EMIT_LOC_STRINGS = NO;
				SWIFT_VERSION = 5.0;
				TARGETED_DEVICE_FAMILY = "1,2";
				TEST_HOST = "$(BUILT_PRODUCTS_DIR)/Attendace App.app/$(BUNDLE_EXECUTABLE_FOLDER_PATH)/Attendace App";
			};
			name = Release;
		};
		5A84E3EF2E71FE59002ADBAF /* Debug */ = {
			isa = XCBuildConfiguration;
			buildSettings = {
				CODE_SIGN_STYLE = Automatic;
				CURRENT_PROJECT_VERSION = 1;
				DEVELOPMENT_TEAM = 6QK4RQBDC7;
				GENERATE_INFOPLIST_FILE = YES;
				MARKETING_VERSION = 1.0;
				PRODUCT_BUNDLE_IDENTIFIER = "divy.Demo-projectUITests";
				PRODUCT_NAME = "$(TARGET_NAME)";
				SWIFT_EMIT_LOC_STRINGS = NO;
				SWIFT_VERSION = 5.0;
				TARGETED_DEVICE_FAMILY = "1,2";
				TEST_TARGET_NAME = "Demo project";
			};
			name = Debug;
		};
		5A84E3F02E71FE59002ADBAF /* Release */ = {
			isa = XCBuildConfiguration;
			buildSettings = {
				CODE_SIGN_STYLE = Automatic;
				CURRENT_PROJECT_VERSION = 1;
				DEVELOPMENT_TEAM = 6QK4RQBDC7;
				GENERATE_INFOPLIST_FILE = YES;
				MARKETING_VERSION = 1.0;
				PRODUCT_BUNDLE_IDENTIFIER = "divy.Demo-projectUITests";
				PRODUCT_NAME = "$(TARGET_NAME)";
				SWIFT_EMIT_LOC_STRINGS = NO;
				SWIFT_VERSION = 5.0;
				TARGETED_DEVICE_FAMILY = "1,2";
				TEST_TARGET_NAME = "Demo project";
			};
			name = Release;
		};
/* End XCBuildConfiguration section */

/* Begin XCConfigurationList section */
		5A84E3C22E71FE58002ADBAF /* Build configuration list for PBXProject "Attendace App" */ = {
			isa = XCConfigurationList;
			buildConfigurations = (
				5A84E3E62E71FE59002ADBAF /* Debug */,
				5A84E3E72E71FE59002ADBAF /* Release */,
			);
			defaultConfigurationIsVisible = 0;
			defaultConfigurationName = Release;
		};
		5A84E3E82E71FE59002ADBAF /* Build configuration list for PBXNativeTarget "Attendace App" */ = {
			isa = XCConfigurationList;
			buildConfigurations = (
				5A84E3E92E71FE59002ADBAF /* Debug */,
				5A84E3EA2E71FE59002ADBAF /* Release */,
			);
			defaultConfigurationIsVisible = 0;
			defaultConfigurationName = Release;
		};
		5A84E3EB2E71FE59002ADBAF /* Build configuration list for PBXNativeTarget "Attendace AppTests" */ = {
			isa = XCConfigurationList;
			buildConfigurations = (
				5A84E3EC2E71FE59002ADBAF /* Debug */,
				5A84E3ED2E71FE59002ADBAF /* Release */,
			);
			defaultConfigurationIsVisible = 0;
			defaultConfigurationName = Release;
		};
		5A84E3EE2E71FE59002ADBAF /* Build configuration list for PBXNativeTarget "Attendace AppUITests" */ = {
			isa = XCConfigurationList;
			buildConfigurations = (
				5A84E3EF2E71FE59002ADBAF /* Debug */,
				5A84E3F02E71FE59002ADBAF /* Release */,
			);
			defaultConfigurationIsVisible = 0;
			defaultConfigurationName = Release;
		};
/* End XCConfigurationList section */

/* Begin XCRemoteSwiftPackageReference section */
		5A84E40E2E749C39002ADBAF /* XCRemoteSwiftPackageReference "firebase-ios-sdk" */ = {
			isa = XCRemoteSwiftPackageReference;
			repositoryURL = "https://github.com/firebase/firebase-ios-sdk";
			requirement = {
				kind = upToNextMajorVersion;
				minimumVersion = 12.2.0;
			};
		};
		5A9FC7952E79A92500E52B50 /* XCRemoteSwiftPackageReference "KeychainAccess" */ = {
			isa = XCRemoteSwiftPackageReference;
			repositoryURL = "https://github.com/kishikawakatsumi/KeychainAccess";
			requirement = {
				branch = master;
				kind = branch;
			};
		};
/* End XCRemoteSwiftPackageReference section */

/* Begin XCSwiftPackageProductDependency section */
		5A9FC7962E79A92500E52B50 /* KeychainAccess */ = {
			isa = XCSwiftPackageProductDependency;
			package = 5A9FC7952E79A92500E52B50 /* XCRemoteSwiftPackageReference "KeychainAccess" */;
			productName = KeychainAccess;
		};
		5AF33A1E2E74A0E6009F1462 /* FirebaseCore */ = {
			isa = XCSwiftPackageProductDependency;
			package = 5A84E40E2E749C39002ADBAF /* XCRemoteSwiftPackageReference "firebase-ios-sdk" */;
			productName = FirebaseCore;
		};
		5AF33A202E74A22E009F1462 /* FirebaseFirestore */ = {
			isa = XCSwiftPackageProductDependency;
			package = 5A84E40E2E749C39002ADBAF /* XCRemoteSwiftPackageReference "firebase-ios-sdk" */;
			productName = FirebaseFirestore;
		};
/* End XCSwiftPackageProductDependency section */
	};
	rootObject = 5A84E3BF2E71FE58002ADBAF /* Project object */;
}
